lockfileVersion: '9.0'

settings:
  autoInstallPeers: true
  excludeLinksFromLockfile: false

importers:

  .: {}

  apps/ancu-floorplan-engine:
    dependencies:
      '@ancu/shared':
        specifier: workspace:*
        version: link:../../packages/shared

  apps/property-web-worker:
    dependencies:
      '@ancu/shared':
        specifier: workspace:*
        version: link:../../packages/shared

  packages/shared: {}
